
Microsoft Visual Studio Solution File, Format Version 12.00
# Visual Studio Version 16
VisualStudioVersion = 16.0.31321.278
MinimumVisualStudioVersion = 10.0.40219.1
Project("{FAE04EC0-301F-11D3-BF4B-00C04F79EFBC}") = "pdf", "pdf\pdf.csproj", "{7F726DAA-12CE-46AA-850A-D86941861B93}"
EndProject
Global
	GlobalSection(SolutionConfigurationPlatforms) = preSolution
		Debug|Any CPU = Debug|Any CPU
		Release|Any CPU = Release|Any CPU
	EndGlobalSection
	GlobalSection(ProjectConfigurationPlatforms) = postSolution
		{7F726DAA-12CE-46AA-850A-D86941861B93}.Debug|Any CPU.ActiveCfg = Debug|Any CPU
		{7F726DAA-12CE-46AA-850A-D86941861B93}.Debug|Any CPU.Build.0 = Debug|Any CPU
		{7F726DAA-12CE-46AA-850A-D86941861B93}.Release|Any CPU.ActiveCfg = Release|Any CPU
		{7F726DAA-12CE-46AA-850A-D86941861B93}.Release|Any CPU.Build.0 = Release|Any CPU
	EndGlobalSection
	GlobalSection(SolutionProperties) = preSolution
		HideSolutionNode = FALSE
	EndGlobalSection
	GlobalSection(ExtensibilityGlobals) = postSolution
		SolutionGuid = {D4CEE044-96DC-4561-875F-C28E78736A2E}
	EndGlobalSection
EndGlobal
